
Microsoft Visual Studio Solution File, Format Version 12.00
# Visual Studio Version 17
VisualStudioVersion = 17.0.31912.275
MinimumVisualStudioVersion = 10.0.40219.1
Project("{FAE04EC0-301F-11D3-BF4B-00C04F79EFBC}") = "PresentionLayer", "PresentionLayer\PresentionLayer.csproj", "{CFDD8C78-87C5-490E-A645-4C2E00002883}"
EndProject
Project("{FAE04EC0-301F-11D3-BF4B-00C04F79EFBC}") = "DataAccessLayer", "DataAccessLayer\DataAccessLayer.csproj", "{52F6D450-AB94-4531-B28D-DF4750896CD7}"
EndProject
Project("{FAE04EC0-301F-11D3-BF4B-00C04F79EFBC}") = "BusinessLogicLayer", "BusinessLogicLayer\BusinessLogicLayer.csproj", "{26338C8E-A01D-441B-BBE5-7284EEF347E2}"
EndProject
Global
	GlobalSection(SolutionConfigurationPlatforms) = preSolution
		Debug|Any CPU = Debug|Any CPU
		Release|Any CPU = Release|Any CPU
	EndGlobalSection
	GlobalSection(ProjectConfigurationPlatforms) = postSolution
		{CFDD8C78-87C5-490E-A645-4C2E00002883}.Debug|Any CPU.ActiveCfg = Debug|Any CPU
		{CFDD8C78-87C5-490E-A645-4C2E00002883}.Debug|Any CPU.Build.0 = Debug|Any CPU
		{CFDD8C78-87C5-490E-A645-4C2E00002883}.Release|Any CPU.ActiveCfg = Release|Any CPU
		{CFDD8C78-87C5-490E-A645-4C2E00002883}.Release|Any CPU.Build.0 = Release|Any CPU
		{52F6D450-AB94-4531-B28D-DF4750896CD7}.Debug|Any CPU.ActiveCfg = Debug|Any CPU
		{52F6D450-AB94-4531-B28D-DF4750896CD7}.Debug|Any CPU.Build.0 = Debug|Any CPU
		{52F6D450-AB94-4531-B28D-DF4750896CD7}.Release|Any CPU.ActiveCfg = Release|Any CPU
		{52F6D450-AB94-4531-B28D-DF4750896CD7}.Release|Any CPU.Build.0 = Release|Any CPU
		{26338C8E-A01D-441B-BBE5-7284EEF347E2}.Debug|Any CPU.ActiveCfg = Debug|Any CPU
		{26338C8E-A01D-441B-BBE5-7284EEF347E2}.Debug|Any CPU.Build.0 = Debug|Any CPU
		{26338C8E-A01D-441B-BBE5-7284EEF347E2}.Release|Any CPU.ActiveCfg = Release|Any CPU
		{26338C8E-A01D-441B-BBE5-7284EEF347E2}.Release|Any CPU.Build.0 = Release|Any CPU
	EndGlobalSection
	GlobalSection(SolutionProperties) = preSolution
		HideSolutionNode = FALSE
	EndGlobalSection
	GlobalSection(ExtensibilityGlobals) = postSolution
		SolutionGuid = {BFCD45AA-A320-46B0-A554-B61741029B0F}
	EndGlobalSection
EndGlobal
